{
    "name": "hivepress-reviews",
    "lockfileVersion": 2,
    "requires": true,
    "packages": {
        "": {
            "dependencies": {
                "raty-js": "^3.1.1"
            }
        },
        "node_modules/jquery": {
            "version": "3.6.1",
            "resolved": "https://registry.npmjs.org/jquery/-/jquery-3.6.1.tgz",
            "integrity": "sha512-opJeO4nCucVnsjiXOE+/PcCgYw9Gwpvs/a6B1LL/lQhwWwpbVEVYDZ1FokFr8PRc7ghYlrFPuyHuiiDNTQxmcw=="
        },
        "node_modules/raty-js": {
            "version": "3.1.1",
            "resolved": "https://registry.npmjs.org/raty-js/-/raty-js-3.1.1.tgz",
            "integrity": "sha512-6phgjho73we8PkUwAjba09xQ3nXiWwk8NE9NB1EXvAH2gErP3PNPls1rbXRWLZ4Y3RjibIDhO5dkYMC+6kdrDA==",
            "dependencies": {
                "jquery": "^3.6"
            }
        }
    },
    "dependencies": {
        "jquery": {
            "version": "3.6.1",
            "resolved": "https://registry.npmjs.org/jquery/-/jquery-3.6.1.tgz",
            "integrity": "sha512-opJeO4nCucVnsjiXOE+/PcCgYw9Gwpvs/a6B1LL/lQhwWwpbVEVYDZ1FokFr8PRc7ghYlrFPuyHuiiDNTQxmcw=="
        },
        "raty-js": {
            "version": "3.1.1",
            "resolved": "https://registry.npmjs.org/raty-js/-/raty-js-3.1.1.tgz",
            "integrity": "sha512-6phgjho73we8PkUwAjba09xQ3nXiWwk8NE9NB1EXvAH2gErP3PNPls1rbXRWLZ4Y3RjibIDhO5dkYMC+6kdrDA==",
            "requires": {
                "jquery": "^3.6"
            }
        }
    }
}
